
Microsoft Visual Studio Solution File, Format Version 12.00
# Visual Studio Version 17
VisualStudioVersion = 17.14.36603.0
MinimumVisualStudioVersion = 10.0.40219.1
Project("{FAE04EC0-301F-11D3-BF4B-00C04F79EFBC}") = "WebAPI", "WebAPI\WebAPI.csproj", "{2A142DC5-2EC6-4616-8982-167B8150FF44}"
EndProject
Project("{FAE04EC0-301F-11D3-BF4B-00C04F79EFBC}") = "ClientWeb", "ClientWeb\ClientWeb.csproj", "{102D2E91-1CD9-4117-8B32-FA481D68C097}"
EndProject
Global
	GlobalSection(SolutionConfigurationPlatforms) = preSolution
		Debug|Any CPU = Debug|Any CPU
		Release|Any CPU = Release|Any CPU
	EndGlobalSection
	GlobalSection(ProjectConfigurationPlatforms) = postSolution
		{2A142DC5-2EC6-4616-8982-167B8150FF44}.Debug|Any CPU.ActiveCfg = Debug|Any CPU
		{2A142DC5-2EC6-4616-8982-167B8150FF44}.Debug|Any CPU.Build.0 = Debug|Any CPU
		{2A142DC5-2EC6-4616-8982-167B8150FF44}.Release|Any CPU.ActiveCfg = Release|Any CPU
		{2A142DC5-2EC6-4616-8982-167B8150FF44}.Release|Any CPU.Build.0 = Release|Any CPU
		{102D2E91-1CD9-4117-8B32-FA481D68C097}.Debug|Any CPU.ActiveCfg = Debug|Any CPU
		{102D2E91-1CD9-4117-8B32-FA481D68C097}.Debug|Any CPU.Build.0 = Debug|Any CPU
		{102D2E91-1CD9-4117-8B32-FA481D68C097}.Release|Any CPU.ActiveCfg = Release|Any CPU
		{102D2E91-1CD9-4117-8B32-FA481D68C097}.Release|Any CPU.Build.0 = Release|Any CPU
	EndGlobalSection
	GlobalSection(SolutionProperties) = preSolution
		HideSolutionNode = FALSE
	EndGlobalSection
	GlobalSection(ExtensibilityGlobals) = postSolution
		SolutionGuid = {43BF2394-4B16-4A0C-A5B2-F1CA45D3E4D9}
	EndGlobalSection
EndGlobal
